
Microsoft Visual Studio Solution File, Format Version 12.00
# Visual Studio Version 17
VisualStudioVersion = 17.9.34728.123
MinimumVisualStudioVersion = 10.0.40219.1
Project("{FAE04EC0-301F-11D3-BF4B-00C04F79EFBC}") = "StringExample040624", "StringExample040624\StringExample040624.csproj", "{DBB8EA07-7505-4548-AA0E-498418140AFC}"
EndProject
Global
	GlobalSection(SolutionConfigurationPlatforms) = preSolution
		Debug|Any CPU = Debug|Any CPU
		Release|Any CPU = Release|Any CPU
	EndGlobalSection
	GlobalSection(ProjectConfigurationPlatforms) = postSolution
		{DBB8EA07-7505-4548-AA0E-498418140AFC}.Debug|Any CPU.ActiveCfg = Debug|Any CPU
		{DBB8EA07-7505-4548-AA0E-498418140AFC}.Debug|Any CPU.Build.0 = Debug|Any CPU
		{DBB8EA07-7505-4548-AA0E-498418140AFC}.Release|Any CPU.ActiveCfg = Release|Any CPU
		{DBB8EA07-7505-4548-AA0E-498418140AFC}.Release|Any CPU.Build.0 = Release|Any CPU
	EndGlobalSection
	GlobalSection(SolutionProperties) = preSolution
		HideSolutionNode = FALSE
	EndGlobalSection
	GlobalSection(ExtensibilityGlobals) = postSolution
		SolutionGuid = {77455D19-4B8E-4D5F-BBF6-DEB22D3DE105}
	EndGlobalSection
EndGlobal
